
Microsoft Visual Studio Solution File, Format Version 12.00
# Visual Studio Version 17
VisualStudioVersion = 17.5.33414.496
MinimumVisualStudioVersion = 10.0.40219.1
Project("{2150E333-8FDC-42A3-9474-1A3956D46DE8}") = "Creational Design Patterns", "Creational Design Patterns", "{0ADB8158-77D4-4070-96F2-A84CCB17CC16}"
EndProject
Project("{2150E333-8FDC-42A3-9474-1A3956D46DE8}") = "Behavioral Design Patterns", "Behavioral Design Patterns", "{03ABCCCD-41DF-49A3-8FF6-9CBD1703CCA8}"
EndProject
Project("{2150E333-8FDC-42A3-9474-1A3956D46DE8}") = "Structural Design Patterns", "Structural Design Patterns", "{40B7CB1F-9DCC-401C-96C7-AEAFF25D21CC}"
EndProject
Project("{9A19103F-16F7-4668-BE54-9A1E7A4F7556}") = "MediatorPattern", "Behavioral Design Patterns\MediatorPattern\MediatorPattern.csproj", "{393952C4-3754-424F-8D23-45EEE19DF7F0}"
EndProject
Project("{9A19103F-16F7-4668-BE54-9A1E7A4F7556}") = "ObserverPattern", "Behavioral Design Patterns\ObserverPattern\ObserverPattern.csproj", "{7B743B5B-1C9A-43C6-A719-ED246E8C1DE3}"
EndProject
Project("{9A19103F-16F7-4668-BE54-9A1E7A4F7556}") = "StrategyPattern", "Behavioral Design Patterns\StrategyPattern\StrategyPattern.csproj", "{E55F822D-0091-4757-AFAD-E9A1A032AA28}"
EndProject
Project("{9A19103F-16F7-4668-BE54-9A1E7A4F7556}") = "FactoryPattern", "Creational Design Patterns\FactoryPattern\FactoryPattern.csproj", "{0034419D-FDED-433F-9231-3726126E79C0}"
EndProject
Project("{9A19103F-16F7-4668-BE54-9A1E7A4F7556}") = "SingletonPattern", "Creational Design Patterns\SingletonPattern\SingletonPattern.csproj", "{F5A93CBE-5842-4C5D-9FCF-D49A8E58EE84}"
EndProject
Project("{9A19103F-16F7-4668-BE54-9A1E7A4F7556}") = "DecoratorPattern", "Structural Design Patterns\DecoratorPattern\DecoratorPattern.csproj", "{58AEFA5F-864D-44A5-B111-A63474871A8A}"
EndProject
Project("{FAE04EC0-301F-11D3-BF4B-00C04F79EFBC}") = "BuilderPattern", "Creational Design Patterns\BuilderPattern\BuilderPattern.csproj", "{C2A71749-CAD6-4DCC-A807-EBBE1372B20C}"
EndProject
Project("{FAE04EC0-301F-11D3-BF4B-00C04F79EFBC}") = "PrototypePattern", "Creational Design Patterns\PrototypePattern\PrototypePattern.csproj", "{4BBF1CC0-D108-4292-A7F7-911BC48A3CFF}"
EndProject
Project("{9A19103F-16F7-4668-BE54-9A1E7A4F7556}") = "AdapterPattern", "Structural Design Patterns\AdapterPattern\AdapterPattern.csproj", "{D0E7165B-06BA-4BB4-AF9E-2528C0A3320C}"
EndProject
Global
	GlobalSection(SolutionConfigurationPlatforms) = preSolution
		Debug|Any CPU = Debug|Any CPU
		Release|Any CPU = Release|Any CPU
	EndGlobalSection
	GlobalSection(ProjectConfigurationPlatforms) = postSolution
		{393952C4-3754-424F-8D23-45EEE19DF7F0}.Debug|Any CPU.ActiveCfg = Debug|Any CPU
		{393952C4-3754-424F-8D23-45EEE19DF7F0}.Debug|Any CPU.Build.0 = Debug|Any CPU
		{393952C4-3754-424F-8D23-45EEE19DF7F0}.Release|Any CPU.ActiveCfg = Release|Any CPU
		{393952C4-3754-424F-8D23-45EEE19DF7F0}.Release|Any CPU.Build.0 = Release|Any CPU
		{7B743B5B-1C9A-43C6-A719-ED246E8C1DE3}.Debug|Any CPU.ActiveCfg = Debug|Any CPU
		{7B743B5B-1C9A-43C6-A719-ED246E8C1DE3}.Debug|Any CPU.Build.0 = Debug|Any CPU
		{7B743B5B-1C9A-43C6-A719-ED246E8C1DE3}.Release|Any CPU.ActiveCfg = Release|Any CPU
		{7B743B5B-1C9A-43C6-A719-ED246E8C1DE3}.Release|Any CPU.Build.0 = Release|Any CPU
		{E55F822D-0091-4757-AFAD-E9A1A032AA28}.Debug|Any CPU.ActiveCfg = Debug|Any CPU
		{E55F822D-0091-4757-AFAD-E9A1A032AA28}.Debug|Any CPU.Build.0 = Debug|Any CPU
		{E55F822D-0091-4757-AFAD-E9A1A032AA28}.Release|Any CPU.ActiveCfg = Release|Any CPU
		{E55F822D-0091-4757-AFAD-E9A1A032AA28}.Release|Any CPU.Build.0 = Release|Any CPU
		{0034419D-FDED-433F-9231-3726126E79C0}.Debug|Any CPU.ActiveCfg = Debug|Any CPU
		{0034419D-FDED-433F-9231-3726126E79C0}.Debug|Any CPU.Build.0 = Debug|Any CPU
		{0034419D-FDED-433F-9231-3726126E79C0}.Release|Any CPU.ActiveCfg = Release|Any CPU
		{0034419D-FDED-433F-9231-3726126E79C0}.Release|Any CPU.Build.0 = Release|Any CPU
		{F5A93CBE-5842-4C5D-9FCF-D49A8E58EE84}.Debug|Any CPU.ActiveCfg = Debug|Any CPU
		{F5A93CBE-5842-4C5D-9FCF-D49A8E58EE84}.Debug|Any CPU.Build.0 = Debug|Any CPU
		{F5A93CBE-5842-4C5D-9FCF-D49A8E58EE84}.Release|Any CPU.ActiveCfg = Release|Any CPU
		{F5A93CBE-5842-4C5D-9FCF-D49A8E58EE84}.Release|Any CPU.Build.0 = Release|Any CPU
		{58AEFA5F-864D-44A5-B111-A63474871A8A}.Debug|Any CPU.ActiveCfg = Debug|Any CPU
		{58AEFA5F-864D-44A5-B111-A63474871A8A}.Debug|Any CPU.Build.0 = Debug|Any CPU
		{58AEFA5F-864D-44A5-B111-A63474871A8A}.Release|Any CPU.ActiveCfg = Release|Any CPU
		{58AEFA5F-864D-44A5-B111-A63474871A8A}.Release|Any CPU.Build.0 = Release|Any CPU
		{C2A71749-CAD6-4DCC-A807-EBBE1372B20C}.Debug|Any CPU.ActiveCfg = Debug|Any CPU
		{C2A71749-CAD6-4DCC-A807-EBBE1372B20C}.Debug|Any CPU.Build.0 = Debug|Any CPU
		{C2A71749-CAD6-4DCC-A807-EBBE1372B20C}.Release|Any CPU.ActiveCfg = Release|Any CPU
		{C2A71749-CAD6-4DCC-A807-EBBE1372B20C}.Release|Any CPU.Build.0 = Release|Any CPU
		{4BBF1CC0-D108-4292-A7F7-911BC48A3CFF}.Debug|Any CPU.ActiveCfg = Debug|Any CPU
		{4BBF1CC0-D108-4292-A7F7-911BC48A3CFF}.Debug|Any CPU.Build.0 = Debug|Any CPU
		{4BBF1CC0-D108-4292-A7F7-911BC48A3CFF}.Release|Any CPU.ActiveCfg = Release|Any CPU
		{4BBF1CC0-D108-4292-A7F7-911BC48A3CFF}.Release|Any CPU.Build.0 = Release|Any CPU
		{D0E7165B-06BA-4BB4-AF9E-2528C0A3320C}.Debug|Any CPU.ActiveCfg = Debug|Any CPU
		{D0E7165B-06BA-4BB4-AF9E-2528C0A3320C}.Debug|Any CPU.Build.0 = Debug|Any CPU
		{D0E7165B-06BA-4BB4-AF9E-2528C0A3320C}.Release|Any CPU.ActiveCfg = Release|Any CPU
		{D0E7165B-06BA-4BB4-AF9E-2528C0A3320C}.Release|Any CPU.Build.0 = Release|Any CPU
	EndGlobalSection
	GlobalSection(SolutionProperties) = preSolution
		HideSolutionNode = FALSE
	EndGlobalSection
	GlobalSection(NestedProjects) = preSolution
		{393952C4-3754-424F-8D23-45EEE19DF7F0} = {03ABCCCD-41DF-49A3-8FF6-9CBD1703CCA8}
		{7B743B5B-1C9A-43C6-A719-ED246E8C1DE3} = {03ABCCCD-41DF-49A3-8FF6-9CBD1703CCA8}
		{E55F822D-0091-4757-AFAD-E9A1A032AA28} = {03ABCCCD-41DF-49A3-8FF6-9CBD1703CCA8}
		{0034419D-FDED-433F-9231-3726126E79C0} = {0ADB8158-77D4-4070-96F2-A84CCB17CC16}
		{F5A93CBE-5842-4C5D-9FCF-D49A8E58EE84} = {0ADB8158-77D4-4070-96F2-A84CCB17CC16}
		{58AEFA5F-864D-44A5-B111-A63474871A8A} = {40B7CB1F-9DCC-401C-96C7-AEAFF25D21CC}
		{C2A71749-CAD6-4DCC-A807-EBBE1372B20C} = {0ADB8158-77D4-4070-96F2-A84CCB17CC16}
		{4BBF1CC0-D108-4292-A7F7-911BC48A3CFF} = {0ADB8158-77D4-4070-96F2-A84CCB17CC16}
		{D0E7165B-06BA-4BB4-AF9E-2528C0A3320C} = {40B7CB1F-9DCC-401C-96C7-AEAFF25D21CC}
	EndGlobalSection
	GlobalSection(ExtensibilityGlobals) = postSolution
		SolutionGuid = {A07DC6C4-B041-4C3D-BC1B-647B190995C4}
	EndGlobalSection
EndGlobal
